
Microsoft Visual Studio Solution File, Format Version 12.00
# Visual Studio Version 17
VisualStudioVersion = 17.10.34928.147
MinimumVisualStudioVersion = 10.0.40219.1
Project("{FAE04EC0-301F-11D3-BF4B-00C04F79EFBC}") = "MethodsFunctions", "MethodsFunctions\MethodsFunctions.csproj", "{DC11A5C4-F2D1-44AC-83F1-A2D44281AFC7}"
EndProject
Global
	GlobalSection(SolutionConfigurationPlatforms) = preSolution
		Debug|Any CPU = Debug|Any CPU
		Release|Any CPU = Release|Any CPU
	EndGlobalSection
	GlobalSection(ProjectConfigurationPlatforms) = postSolution
		{DC11A5C4-F2D1-44AC-83F1-A2D44281AFC7}.Debug|Any CPU.ActiveCfg = Debug|Any CPU
		{DC11A5C4-F2D1-44AC-83F1-A2D44281AFC7}.Debug|Any CPU.Build.0 = Debug|Any CPU
		{DC11A5C4-F2D1-44AC-83F1-A2D44281AFC7}.Release|Any CPU.ActiveCfg = Release|Any CPU
		{DC11A5C4-F2D1-44AC-83F1-A2D44281AFC7}.Release|Any CPU.Build.0 = Release|Any CPU
	EndGlobalSection
	GlobalSection(SolutionProperties) = preSolution
		HideSolutionNode = FALSE
	EndGlobalSection
	GlobalSection(ExtensibilityGlobals) = postSolution
		SolutionGuid = {D4A4A3B0-BF91-4900-ABFD-4EC885BF54B8}
	EndGlobalSection
EndGlobal
